<?xml version="1.0" encoding="utf-8"?>
<Project ToolsVersion="4.0" xmlns="http://schemas.microsoft.com/developer/msbuild/2003">
  <ItemGroup>
    <Filter Include="Source Files">
      <UniqueIdentifier>{4FC737F1-C7A5-4376-A066-2A32D752A2FF}</UniqueIdentifier>
      <Extensions>cpp;c;cc;cxx;c++;cppm;ixx;def;odl;idl;hpj;bat;asm;asmx</Extensions>
    </Filter>
    <Filter Include="Header Files">
      <UniqueIdentifier>{93995380-89BD-4b04-88EB-625FBE52EBFB}</UniqueIdentifier>
      <Extensions>h;hh;hpp;hxx;h++;hm;inl;inc;ipp;xsd</Extensions>
    </Filter>
    <Filter Include="Resource Files">
      <UniqueIdentifier>{67DA6AB6-F800-4c08-8B7A-83BB121AAD01}</UniqueIdentifier>
      <Extensions>rc;ico;cur;bmp;dlg;rc2;rct;bin;rgs;gif;jpg;jpeg;jpe;resx;tiff;tif;png;wav;mfcribbon-ms</Extensions>
    </Filter>
    <Filter Include="Header Files\Nodes">
      <UniqueIdentifier>{17cc4ccc-5f66-473c-ab6b-c4422d47e413}</UniqueIdentifier>
    </Filter>
    <Filter Include="Source Files\Nodes">
      <UniqueIdentifier>{87e1ca05-7018-4671-be12-37bd4471790b}</UniqueIdentifier>
    </Filter>
    <Filter Include="Header Files\List">
      <UniqueIdentifier>{961fa722-da94-4b8d-bdf0-34f6b28da210}</UniqueIdentifier>
    </Filter>
    <Filter Include="Source Files\List">
      <UniqueIdentifier>{ace4f63a-cb73-4334-a208-cc816cf20060}</UniqueIdentifier>
    </Filter>
  </ItemGroup>
  <ItemGroup>
    <ClCompile Include="main project.cpp">
      <Filter>Source Files</Filter>
    </ClCompile>
    <ClCompile Include="NodeSales.cpp">
      <Filter>Source Files\Nodes</Filter>
    </ClCompile>
    <ClCompile Include="ListSales.cpp">
      <Filter>Source Files\List</Filter>
    </ClCompile>
    <ClCompile Include="NodeEmployee.cpp">
      <Filter>Source Files\Nodes</Filter>
    </ClCompile>
    <ClCompile Include="ListEmployee.cpp">
      <Filter>Source Files\List</Filter>
    </ClCompile>
    <ClCompile Include="NodeFloor.cpp">
      <Filter>Source Files\Nodes</Filter>
    </ClCompile>
    <ClCompile Include="ListFloor.cpp">
      <Filter>Source Files\List</Filter>
    </ClCompile>
  </ItemGroup>
  <ItemGroup>
    <ClInclude Include="ListSales.h">
      <Filter>Header Files\List</Filter>
    </ClInclude>
    <ClInclude Include="NodeSales.h">
      <Filter>Header Files\Nodes</Filter>
    </ClInclude>
    <ClInclude Include="ListEmployee.h">
      <Filter>Header Files\List</Filter>
    </ClInclude>
    <ClInclude Include="NodeEmployee.h">
      <Filter>Header Files\Nodes</Filter>
    </ClInclude>
    <ClInclude Include="ListFloor.h">
      <Filter>Header Files\List</Filter>
    </ClInclude>
    <ClInclude Include="NodeFloor.h">
      <Filter>Header Files\Nodes</Filter>
    </ClInclude>
  </ItemGroup>
</Project>